
Microsoft Visual Studio Solution File, Format Version 12.00
# Visual Studio Version 17
VisualStudioVersion = 17.14.36109.1
MinimumVisualStudioVersion = 10.0.40219.1
Project("{FAE04EC0-301F-11D3-BF4B-00C04F79EFBC}") = "PasswordVault", "PasswordVault.csproj", "{DEE5F1E8-2006-0760-C937-96F5C2BB1C80}"
EndProject
Project("{FAE04EC0-301F-11D3-BF4B-00C04F79EFBC}") = "PasswordVault.Tests", "PasswordVault.Tests\PasswordVault.Tests.csproj", "{FE50B59B-361A-45FF-BB74-8BF8537A6DF0}"
EndProject
Global
	GlobalSection(SolutionConfigurationPlatforms) = preSolution
		Debug|Any CPU = Debug|Any CPU
		Debug|x64 = Debug|x64
		Debug|x86 = Debug|x86
		Release|Any CPU = Release|Any CPU
		Release|x64 = Release|x64
		Release|x86 = Release|x86
	EndGlobalSection
	GlobalSection(ProjectConfigurationPlatforms) = postSolution
		{DEE5F1E8-2006-0760-C937-96F5C2BB1C80}.Debug|Any CPU.ActiveCfg = Debug|Any CPU
		{DEE5F1E8-2006-0760-C937-96F5C2BB1C80}.Debug|Any CPU.Build.0 = Debug|Any CPU
		{DEE5F1E8-2006-0760-C937-96F5C2BB1C80}.Debug|x64.ActiveCfg = Debug|Any CPU
		{DEE5F1E8-2006-0760-C937-96F5C2BB1C80}.Debug|x64.Build.0 = Debug|Any CPU
		{DEE5F1E8-2006-0760-C937-96F5C2BB1C80}.Debug|x86.ActiveCfg = Debug|Any CPU
		{DEE5F1E8-2006-0760-C937-96F5C2BB1C80}.Debug|x86.Build.0 = Debug|Any CPU
		{DEE5F1E8-2006-0760-C937-96F5C2BB1C80}.Release|Any CPU.ActiveCfg = Release|Any CPU
		{DEE5F1E8-2006-0760-C937-96F5C2BB1C80}.Release|Any CPU.Build.0 = Release|Any CPU
		{DEE5F1E8-2006-0760-C937-96F5C2BB1C80}.Release|x64.ActiveCfg = Release|Any CPU
		{DEE5F1E8-2006-0760-C937-96F5C2BB1C80}.Release|x64.Build.0 = Release|Any CPU
		{DEE5F1E8-2006-0760-C937-96F5C2BB1C80}.Release|x86.ActiveCfg = Release|Any CPU
		{DEE5F1E8-2006-0760-C937-96F5C2BB1C80}.Release|x86.Build.0 = Release|Any CPU
		{FE50B59B-361A-45FF-BB74-8BF8537A6DF0}.Debug|Any CPU.ActiveCfg = Debug|Any CPU
		{FE50B59B-361A-45FF-BB74-8BF8537A6DF0}.Debug|Any CPU.Build.0 = Debug|Any CPU
		{FE50B59B-361A-45FF-BB74-8BF8537A6DF0}.Debug|x64.ActiveCfg = Debug|Any CPU
		{FE50B59B-361A-45FF-BB74-8BF8537A6DF0}.Debug|x64.Build.0 = Debug|Any CPU
		{FE50B59B-361A-45FF-BB74-8BF8537A6DF0}.Debug|x86.ActiveCfg = Debug|Any CPU
		{FE50B59B-361A-45FF-BB74-8BF8537A6DF0}.Debug|x86.Build.0 = Debug|Any CPU
		{FE50B59B-361A-45FF-BB74-8BF8537A6DF0}.Release|Any CPU.ActiveCfg = Release|Any CPU
		{FE50B59B-361A-45FF-BB74-8BF8537A6DF0}.Release|Any CPU.Build.0 = Release|Any CPU
		{FE50B59B-361A-45FF-BB74-8BF8537A6DF0}.Release|x64.ActiveCfg = Release|Any CPU
		{FE50B59B-361A-45FF-BB74-8BF8537A6DF0}.Release|x64.Build.0 = Release|Any CPU
		{FE50B59B-361A-45FF-BB74-8BF8537A6DF0}.Release|x86.ActiveCfg = Release|Any CPU
		{FE50B59B-361A-45FF-BB74-8BF8537A6DF0}.Release|x86.Build.0 = Release|Any CPU
	EndGlobalSection
	GlobalSection(SolutionProperties) = preSolution
		HideSolutionNode = FALSE
	EndGlobalSection
	GlobalSection(ExtensibilityGlobals) = postSolution
		SolutionGuid = {75D07A46-A579-4BFA-A258-53F997CD48D8}
	EndGlobalSection
EndGlobal
